
Microsoft Visual Studio Solution File, Format Version 12.00
# Visual Studio Version 17
VisualStudioVersion = 17.11.35222.181
MinimumVisualStudioVersion = 10.0.40219.1
Project("{FAE04EC0-301F-11D3-BF4B-00C04F79EFBC}") = "WarehouseTests", "WarehouseTests\WarehouseTests.csproj", "{C503C582-F1C9-4082-8779-58DA0822FA4A}"
EndProject
Project("{9A19103F-16F7-4668-BE54-9A1E7A4F7556}") = "WarehouseManagementSystem", "WarehouseManagementSystem\WarehouseManagementSystem.csproj", "{27D28B17-79CB-4962-97D4-31AF702C54F7}"
EndProject
Global
	GlobalSection(SolutionConfigurationPlatforms) = preSolution
		Debug|Any CPU = Debug|Any CPU
		Release|Any CPU = Release|Any CPU
	EndGlobalSection
	GlobalSection(ProjectConfigurationPlatforms) = postSolution
		{C503C582-F1C9-4082-8779-58DA0822FA4A}.Debug|Any CPU.ActiveCfg = Debug|Any CPU
		{C503C582-F1C9-4082-8779-58DA0822FA4A}.Debug|Any CPU.Build.0 = Debug|Any CPU
		{C503C582-F1C9-4082-8779-58DA0822FA4A}.Release|Any CPU.ActiveCfg = Release|Any CPU
		{C503C582-F1C9-4082-8779-58DA0822FA4A}.Release|Any CPU.Build.0 = Release|Any CPU
		{27D28B17-79CB-4962-97D4-31AF702C54F7}.Debug|Any CPU.ActiveCfg = Debug|Any CPU
		{27D28B17-79CB-4962-97D4-31AF702C54F7}.Debug|Any CPU.Build.0 = Debug|Any CPU
		{27D28B17-79CB-4962-97D4-31AF702C54F7}.Release|Any CPU.ActiveCfg = Release|Any CPU
		{27D28B17-79CB-4962-97D4-31AF702C54F7}.Release|Any CPU.Build.0 = Release|Any CPU
	EndGlobalSection
	GlobalSection(SolutionProperties) = preSolution
		HideSolutionNode = FALSE
	EndGlobalSection
	GlobalSection(ExtensibilityGlobals) = postSolution
		SolutionGuid = {B35DA761-C942-4D4F-950D-0E7B7A4D04F2}
	EndGlobalSection
EndGlobal
