
Microsoft Visual Studio Solution File, Format Version 12.00
# Visual Studio Version 17
VisualStudioVersion = 17.11.35327.3
MinimumVisualStudioVersion = 10.0.40219.1
Project("{2150E333-8FDC-42A3-9474-1A3956D46DE8}") = "src", "src", "{0D99116B-5487-4D33-87F1-C07D086444C9}"
EndProject
Project("{2150E333-8FDC-42A3-9474-1A3956D46DE8}") = "tests", "tests", "{51474D51-67F2-4CA4-BC4F-5A92FC147836}"
EndProject
Project("{2150E333-8FDC-42A3-9474-1A3956D46DE8}") = "Solution Items", "Solution Items", "{FE576693-2420-4960-A0EB-9CA5580C138F}"
	ProjectSection(SolutionItems) = preProject
		.editorconfig = .editorconfig
		.gitignore = .gitignore
		Directory.Build.props = Directory.Build.props
		Directory.Packages.props = Directory.Packages.props
		README.md = README.md
	EndProjectSection
EndProject
Project("{9A19103F-16F7-4668-BE54-9A1E7A4F7556}") = "Domain", "src\Domain\Domain.csproj", "{894C9CC9-3D4A-4D9D-B61E-EC1F1BF60BE3}"
EndProject
Project("{9A19103F-16F7-4668-BE54-9A1E7A4F7556}") = "Data", "src\Data\Data.csproj", "{50DAA66C-FE8C-45B2-8533-A3F14A05580A}"
EndProject
Project("{9A19103F-16F7-4668-BE54-9A1E7A4F7556}") = "Web", "src\Web\Web.csproj", "{E4CEB0A7-8853-4D47-B0E1-5530C0ECC520}"
EndProject
Project("{9A19103F-16F7-4668-BE54-9A1E7A4F7556}") = "Business", "src\Business\Business.csproj", "{7BD67756-24A6-4EB0-89FC-C1D28384ECAD}"
EndProject
Project("{9A19103F-16F7-4668-BE54-9A1E7A4F7556}") = "Web.Contracts", "src\Web.Contracts\Web.Contracts.csproj", "{63BF07F7-6E1E-4DE1-AEFC-EB7FED5D042A}"
EndProject
Project("{9A19103F-16F7-4668-BE54-9A1E7A4F7556}") = "Common", "src\Common\Common.csproj", "{F6368EC5-3097-46CC-9D4B-A4E3EC39A0EA}"
EndProject
Project("{FAE04EC0-301F-11D3-BF4B-00C04F79EFBC}") = "Web.ManualClient", "src\Web.ManualClient\Web.ManualClient.csproj", "{52004AF0-AC97-4BE9-A8C3-C5B1A495CCBA}"
EndProject
Project("{FAE04EC0-301F-11D3-BF4B-00C04F79EFBC}") = "Web.GeneratedClient", "src\Web.GeneratedClient\Web.GeneratedClient.csproj", "{98D38D6D-1A61-4E08-87CC-2229A823DCA0}"
EndProject
Project("{FAE04EC0-301F-11D3-BF4B-00C04F79EFBC}") = "ClientGenerator", "src\ClientGenerator\ClientGenerator.csproj", "{140E7AF2-2ED9-441B-9066-08E2578152F9}"
EndProject
Project("{FAE04EC0-301F-11D3-BF4B-00C04F79EFBC}") = "UnitTests", "tests\UnitTests\UnitTests.csproj", "{2BE3C7C2-B419-4173-90A6-932C2525D011}"
EndProject
Project("{FAE04EC0-301F-11D3-BF4B-00C04F79EFBC}") = "IntegrationTests", "tests\IntegrationTests\IntegrationTests.csproj", "{FC1AB9FB-1D36-4A1B-B334-84D3AF47715C}"
EndProject
Project("{FAE04EC0-301F-11D3-BF4B-00C04F79EFBC}") = "Data.Migrations.Postgre", "src\Data.Migrations.Postgre\Data.Migrations.Postgre.csproj", "{26588A4F-5FA4-4503-86BB-D77109E9D356}"
EndProject
Project("{FAE04EC0-301F-11D3-BF4B-00C04F79EFBC}") = "Data.Migrations.Sqlite", "src\Data.Migrations.Sqlite\Data.Migrations.Sqlite.csproj", "{48AA2F38-D54E-4F03-B01F-59EA95F5FEB2}"
EndProject
Project("{FAE04EC0-301F-11D3-BF4B-00C04F79EFBC}") = "Kafka.Common", "src\Kafka.Common\Kafka.Common.csproj", "{B8F5299B-E123-4844-B4C5-D59223FD8AA5}"
EndProject
Global
	GlobalSection(SolutionConfigurationPlatforms) = preSolution
		Debug|Any CPU = Debug|Any CPU
		Release|Any CPU = Release|Any CPU
	EndGlobalSection
	GlobalSection(ProjectConfigurationPlatforms) = postSolution
		{894C9CC9-3D4A-4D9D-B61E-EC1F1BF60BE3}.Debug|Any CPU.ActiveCfg = Debug|Any CPU
		{894C9CC9-3D4A-4D9D-B61E-EC1F1BF60BE3}.Debug|Any CPU.Build.0 = Debug|Any CPU
		{894C9CC9-3D4A-4D9D-B61E-EC1F1BF60BE3}.Release|Any CPU.ActiveCfg = Release|Any CPU
		{894C9CC9-3D4A-4D9D-B61E-EC1F1BF60BE3}.Release|Any CPU.Build.0 = Release|Any CPU
		{50DAA66C-FE8C-45B2-8533-A3F14A05580A}.Debug|Any CPU.ActiveCfg = Debug|Any CPU
		{50DAA66C-FE8C-45B2-8533-A3F14A05580A}.Debug|Any CPU.Build.0 = Debug|Any CPU
		{50DAA66C-FE8C-45B2-8533-A3F14A05580A}.Release|Any CPU.ActiveCfg = Release|Any CPU
		{50DAA66C-FE8C-45B2-8533-A3F14A05580A}.Release|Any CPU.Build.0 = Release|Any CPU
		{E4CEB0A7-8853-4D47-B0E1-5530C0ECC520}.Debug|Any CPU.ActiveCfg = Debug|Any CPU
		{E4CEB0A7-8853-4D47-B0E1-5530C0ECC520}.Debug|Any CPU.Build.0 = Debug|Any CPU
		{E4CEB0A7-8853-4D47-B0E1-5530C0ECC520}.Release|Any CPU.ActiveCfg = Release|Any CPU
		{E4CEB0A7-8853-4D47-B0E1-5530C0ECC520}.Release|Any CPU.Build.0 = Release|Any CPU
		{7BD67756-24A6-4EB0-89FC-C1D28384ECAD}.Debug|Any CPU.ActiveCfg = Debug|Any CPU
		{7BD67756-24A6-4EB0-89FC-C1D28384ECAD}.Debug|Any CPU.Build.0 = Debug|Any CPU
		{7BD67756-24A6-4EB0-89FC-C1D28384ECAD}.Release|Any CPU.ActiveCfg = Release|Any CPU
		{7BD67756-24A6-4EB0-89FC-C1D28384ECAD}.Release|Any CPU.Build.0 = Release|Any CPU
		{63BF07F7-6E1E-4DE1-AEFC-EB7FED5D042A}.Debug|Any CPU.ActiveCfg = Debug|Any CPU
		{63BF07F7-6E1E-4DE1-AEFC-EB7FED5D042A}.Debug|Any CPU.Build.0 = Debug|Any CPU
		{63BF07F7-6E1E-4DE1-AEFC-EB7FED5D042A}.Release|Any CPU.ActiveCfg = Release|Any CPU
		{63BF07F7-6E1E-4DE1-AEFC-EB7FED5D042A}.Release|Any CPU.Build.0 = Release|Any CPU
		{F6368EC5-3097-46CC-9D4B-A4E3EC39A0EA}.Debug|Any CPU.ActiveCfg = Debug|Any CPU
		{F6368EC5-3097-46CC-9D4B-A4E3EC39A0EA}.Debug|Any CPU.Build.0 = Debug|Any CPU
		{F6368EC5-3097-46CC-9D4B-A4E3EC39A0EA}.Release|Any CPU.ActiveCfg = Release|Any CPU
		{F6368EC5-3097-46CC-9D4B-A4E3EC39A0EA}.Release|Any CPU.Build.0 = Release|Any CPU
		{52004AF0-AC97-4BE9-A8C3-C5B1A495CCBA}.Debug|Any CPU.ActiveCfg = Debug|Any CPU
		{52004AF0-AC97-4BE9-A8C3-C5B1A495CCBA}.Debug|Any CPU.Build.0 = Debug|Any CPU
		{52004AF0-AC97-4BE9-A8C3-C5B1A495CCBA}.Release|Any CPU.ActiveCfg = Release|Any CPU
		{52004AF0-AC97-4BE9-A8C3-C5B1A495CCBA}.Release|Any CPU.Build.0 = Release|Any CPU
		{98D38D6D-1A61-4E08-87CC-2229A823DCA0}.Debug|Any CPU.ActiveCfg = Debug|Any CPU
		{98D38D6D-1A61-4E08-87CC-2229A823DCA0}.Debug|Any CPU.Build.0 = Debug|Any CPU
		{98D38D6D-1A61-4E08-87CC-2229A823DCA0}.Release|Any CPU.ActiveCfg = Release|Any CPU
		{98D38D6D-1A61-4E08-87CC-2229A823DCA0}.Release|Any CPU.Build.0 = Release|Any CPU
		{140E7AF2-2ED9-441B-9066-08E2578152F9}.Debug|Any CPU.ActiveCfg = Debug|Any CPU
		{140E7AF2-2ED9-441B-9066-08E2578152F9}.Debug|Any CPU.Build.0 = Debug|Any CPU
		{140E7AF2-2ED9-441B-9066-08E2578152F9}.Release|Any CPU.ActiveCfg = Release|Any CPU
		{140E7AF2-2ED9-441B-9066-08E2578152F9}.Release|Any CPU.Build.0 = Release|Any CPU
		{2BE3C7C2-B419-4173-90A6-932C2525D011}.Debug|Any CPU.ActiveCfg = Debug|Any CPU
		{2BE3C7C2-B419-4173-90A6-932C2525D011}.Debug|Any CPU.Build.0 = Debug|Any CPU
		{2BE3C7C2-B419-4173-90A6-932C2525D011}.Release|Any CPU.ActiveCfg = Release|Any CPU
		{2BE3C7C2-B419-4173-90A6-932C2525D011}.Release|Any CPU.Build.0 = Release|Any CPU
		{FC1AB9FB-1D36-4A1B-B334-84D3AF47715C}.Debug|Any CPU.ActiveCfg = Debug|Any CPU
		{FC1AB9FB-1D36-4A1B-B334-84D3AF47715C}.Debug|Any CPU.Build.0 = Debug|Any CPU
		{FC1AB9FB-1D36-4A1B-B334-84D3AF47715C}.Release|Any CPU.ActiveCfg = Release|Any CPU
		{FC1AB9FB-1D36-4A1B-B334-84D3AF47715C}.Release|Any CPU.Build.0 = Release|Any CPU
		{26588A4F-5FA4-4503-86BB-D77109E9D356}.Debug|Any CPU.ActiveCfg = Debug|Any CPU
		{26588A4F-5FA4-4503-86BB-D77109E9D356}.Debug|Any CPU.Build.0 = Debug|Any CPU
		{26588A4F-5FA4-4503-86BB-D77109E9D356}.Release|Any CPU.ActiveCfg = Release|Any CPU
		{26588A4F-5FA4-4503-86BB-D77109E9D356}.Release|Any CPU.Build.0 = Release|Any CPU
		{48AA2F38-D54E-4F03-B01F-59EA95F5FEB2}.Debug|Any CPU.ActiveCfg = Debug|Any CPU
		{48AA2F38-D54E-4F03-B01F-59EA95F5FEB2}.Debug|Any CPU.Build.0 = Debug|Any CPU
		{48AA2F38-D54E-4F03-B01F-59EA95F5FEB2}.Release|Any CPU.ActiveCfg = Release|Any CPU
		{48AA2F38-D54E-4F03-B01F-59EA95F5FEB2}.Release|Any CPU.Build.0 = Release|Any CPU
		{B8F5299B-E123-4844-B4C5-D59223FD8AA5}.Debug|Any CPU.ActiveCfg = Debug|Any CPU
		{B8F5299B-E123-4844-B4C5-D59223FD8AA5}.Debug|Any CPU.Build.0 = Debug|Any CPU
		{B8F5299B-E123-4844-B4C5-D59223FD8AA5}.Release|Any CPU.ActiveCfg = Release|Any CPU
		{B8F5299B-E123-4844-B4C5-D59223FD8AA5}.Release|Any CPU.Build.0 = Release|Any CPU
	EndGlobalSection
	GlobalSection(SolutionProperties) = preSolution
		HideSolutionNode = FALSE
	EndGlobalSection
	GlobalSection(NestedProjects) = preSolution
		{894C9CC9-3D4A-4D9D-B61E-EC1F1BF60BE3} = {0D99116B-5487-4D33-87F1-C07D086444C9}
		{50DAA66C-FE8C-45B2-8533-A3F14A05580A} = {0D99116B-5487-4D33-87F1-C07D086444C9}
		{E4CEB0A7-8853-4D47-B0E1-5530C0ECC520} = {0D99116B-5487-4D33-87F1-C07D086444C9}
		{7BD67756-24A6-4EB0-89FC-C1D28384ECAD} = {0D99116B-5487-4D33-87F1-C07D086444C9}
		{63BF07F7-6E1E-4DE1-AEFC-EB7FED5D042A} = {0D99116B-5487-4D33-87F1-C07D086444C9}
		{F6368EC5-3097-46CC-9D4B-A4E3EC39A0EA} = {0D99116B-5487-4D33-87F1-C07D086444C9}
		{52004AF0-AC97-4BE9-A8C3-C5B1A495CCBA} = {0D99116B-5487-4D33-87F1-C07D086444C9}
		{98D38D6D-1A61-4E08-87CC-2229A823DCA0} = {0D99116B-5487-4D33-87F1-C07D086444C9}
		{140E7AF2-2ED9-441B-9066-08E2578152F9} = {0D99116B-5487-4D33-87F1-C07D086444C9}
		{2BE3C7C2-B419-4173-90A6-932C2525D011} = {51474D51-67F2-4CA4-BC4F-5A92FC147836}
		{FC1AB9FB-1D36-4A1B-B334-84D3AF47715C} = {51474D51-67F2-4CA4-BC4F-5A92FC147836}
		{26588A4F-5FA4-4503-86BB-D77109E9D356} = {0D99116B-5487-4D33-87F1-C07D086444C9}
		{48AA2F38-D54E-4F03-B01F-59EA95F5FEB2} = {0D99116B-5487-4D33-87F1-C07D086444C9}
		{B8F5299B-E123-4844-B4C5-D59223FD8AA5} = {0D99116B-5487-4D33-87F1-C07D086444C9}
	EndGlobalSection
	GlobalSection(ExtensibilityGlobals) = postSolution
		SolutionGuid = {BD982D5A-5525-48A2-872E-76AEB12FEBBC}
	EndGlobalSection
EndGlobal
